
Microsoft Visual Studio Solution File, Format Version 12.00
# Visual Studio 14
VisualStudioVersion = 14.0.25123.0
MinimumVisualStudioVersion = 10.0.40219.1
Project("{9092AA53-FB77-4645-B42D-1CCCA6BD08BD}") = "NodeServer", "NodeServer\NodeServer.njsproj", "{6BAD962A-62F3-4B9E-84EC-6F71D5FF6665}"
EndProject
Global
	GlobalSection(SolutionConfigurationPlatforms) = preSolution
		Debug|Any CPU = Debug|Any CPU
		Release|Any CPU = Release|Any CPU
	EndGlobalSection
	GlobalSection(ProjectConfigurationPlatforms) = postSolution
		{6BAD962A-62F3-4B9E-84EC-6F71D5FF6665}.Debug|Any CPU.ActiveCfg = Debug|Any CPU
		{6BAD962A-62F3-4B9E-84EC-6F71D5FF6665}.Debug|Any CPU.Build.0 = Debug|Any CPU
		{6BAD962A-62F3-4B9E-84EC-6F71D5FF6665}.Release|Any CPU.ActiveCfg = Release|Any CPU
		{6BAD962A-62F3-4B9E-84EC-6F71D5FF6665}.Release|Any CPU.Build.0 = Release|Any CPU
	EndGlobalSection
	GlobalSection(SolutionProperties) = preSolution
		HideSolutionNode = FALSE
	EndGlobalSection
EndGlobal
